
Microsoft Visual Studio Solution File, Format Version 12.00
# Visual Studio 15
VisualStudioVersion = 15.0.26730.12
MinimumVisualStudioVersion = 10.0.40219.1
Project("{8BC9CEB8-8B4A-11D0-8D11-00A0C91BC942}") = "VectorClass", "VectorClass\VectorClass.vcxproj", "{C3375BDD-EB7E-49A7-B328-1A23336D5276}"
EndProject
Global
	GlobalSection(SolutionConfigurationPlatforms) = preSolution
		Debug|x64 = Debug|x64
		Debug|x86 = Debug|x86
		Release|x64 = Release|x64
		Release|x86 = Release|x86
	EndGlobalSection
	GlobalSection(ProjectConfigurationPlatforms) = postSolution
		{C3375BDD-EB7E-49A7-B328-1A23336D5276}.Debug|x64.ActiveCfg = Debug|x64
		{C3375BDD-EB7E-49A7-B328-1A23336D5276}.Debug|x64.Build.0 = Debug|x64
		{C3375BDD-EB7E-49A7-B328-1A23336D5276}.Debug|x86.ActiveCfg = Debug|Win32
		{C3375BDD-EB7E-49A7-B328-1A23336D5276}.Debug|x86.Build.0 = Debug|Win32
		{C3375BDD-EB7E-49A7-B328-1A23336D5276}.Release|x64.ActiveCfg = Release|x64
		{C3375BDD-EB7E-49A7-B328-1A23336D5276}.Release|x64.Build.0 = Release|x64
		{C3375BDD-EB7E-49A7-B328-1A23336D5276}.Release|x86.ActiveCfg = Release|Win32
		{C3375BDD-EB7E-49A7-B328-1A23336D5276}.Release|x86.Build.0 = Release|Win32
	EndGlobalSection
	GlobalSection(SolutionProperties) = preSolution
		HideSolutionNode = FALSE
	EndGlobalSection
	GlobalSection(ExtensibilityGlobals) = postSolution
		SolutionGuid = {A91C77EF-D099-4514-A058-F1143AE6427C}
	EndGlobalSection
EndGlobal
